{
  "version": 1,
  "dependencies": {
    "net9.0": {
      "Microsoft.NET.Test.Sdk": {
        "type": "Direct",
        "requested": "[17.6.2, )",
        "resolved": "17.6.2",
        "contentHash": "+WFxuoFVBG0aewD9Psw+1I90kaRToQgMIzK20xNVRO4QRWR9Bou3qGefrZvMZ/xTC+6bAmZppFbpPbiHDzrPyg==",
        "dependencies": {
          "Microsoft.CodeCoverage": "17.6.2",
          "Microsoft.TestPlatform.TestHost": "17.6.2"
        }
      },
      "xunit.runner.visualstudio": {
        "type": "Direct",
        "requested": "[3.1.1, )",
        "resolved": "3.1.1",
        "contentHash": "gNu2zhnuwjq5vQlU4S7yK/lfaKZDLmtcu+vTjnhfTlMAUYn+Hmgu8IIX0UCwWepYkk+Szx03DHx1bDnc9Fd+9w=="
      },
      "xunit.v3": {
        "type": "Direct",
        "requested": "[2.0.3, )",
        "resolved": "2.0.3",
        "contentHash": "Zx2r5xnUgyAIhI3cvfKaAr7Mj0Enn0zFhaMoTJ2hRYEPJlqlllUkTUvBBYalZQvpXGub/UQWq1nY5erD7Zv1cA==",
        "dependencies": {
          "xunit.analyzers": "1.22.0",
          "xunit.v3.assert": "[2.0.3]",
          "xunit.v3.core": "[2.0.3]"
        }
      },
      "Humanizer.Core": {
        "type": "Transitive",
        "resolved": "2.14.1",
        "contentHash": "lQKvtaTDOXnoVJ20ibTuSIOf2i0uO0MPbDhd1jm238I+U/2ZnRENj0cktKZhtchBMtCUSRQ5v4xBCUbKNmyVMw=="
      },
      "Microsoft.Bcl.AsyncInterfaces": {
        "type": "Transitive",
        "resolved": "6.0.0",
        "contentHash": "UcSjPsst+DfAdJGVDsu346FX0ci0ah+lw3WRtn18NUwEqRt70HaOQ7lI72vy3+1LxtqI3T5GWwV39rQSrCzAeg=="
      },
      "Microsoft.CodeAnalysis.Common": {
        "type": "Transitive",
        "resolved": "4.11.0",
        "contentHash": "djf8ujmqYImFgB04UGtcsEhHrzVqzHowS+EEl/Yunc5LdrYrZhGBWUTXoCF0NzYXJxtfuD+UVQarWpvrNc94Qg==",
        "dependencies": {
          "Microsoft.CodeAnalysis.Analyzers": "3.3.4",
          "System.Collections.Immutable": "8.0.0",
          "System.Reflection.Metadata": "8.0.0"
        }
      },
      "Microsoft.CodeAnalysis.CSharp": {
        "type": "Transitive",
        "resolved": "4.11.0",
        "contentHash": "6XYi2EusI8JT4y2l/F3VVVS+ISoIX9nqHsZRaG6W5aFeJ5BEuBosHfT/ABb73FN0RZ1Z3cj2j7cL28SToJPXOw==",
        "dependencies": {
          "Microsoft.CodeAnalysis.Analyzers": "3.3.4",
          "Microsoft.CodeAnalysis.Common": "[4.11.0]",
          "System.Collections.Immutable": "8.0.0",
          "System.Reflection.Metadata": "8.0.0"
        }
      },
      "Microsoft.CodeAnalysis.CSharp.Workspaces": {
        "type": "Transitive",
        "resolved": "4.11.0",
        "contentHash": "/oRJPIMvzOfiunIegSF6FEa4VvBAUSXlbLDKxyzXuOZN9nLHg3fHuX6Mr9JZLNIupbe2xqQZEmfsPxgB01vCmg==",
        "dependencies": {
          "Humanizer.Core": "2.14.1",
          "Microsoft.CodeAnalysis.Analyzers": "3.3.4",
          "Microsoft.CodeAnalysis.CSharp": "[4.11.0]",
          "Microsoft.CodeAnalysis.Common": "[4.11.0]",
          "Microsoft.CodeAnalysis.Workspaces.Common": "[4.11.0]",
          "System.Collections.Immutable": "8.0.0",
          "System.Composition": "8.0.0",
          "System.IO.Pipelines": "8.0.0",
          "System.Reflection.Metadata": "8.0.0",
          "System.Threading.Channels": "7.0.0"
        }
      },
      "Microsoft.CodeAnalysis.Workspaces.Common": {
        "type": "Transitive",
        "resolved": "4.11.0",
        "contentHash": "UtwEt42V7/LnvAcschSlmUXRLEj0poX1H7QeFbY5bezcS+tJBCssAq8C7GfisgIA0qZPo2xzOrwKGBbg51CetA==",
        "dependencies": {
          "Humanizer.Core": "2.14.1",
          "Microsoft.CodeAnalysis.Analyzers": "3.3.4",
          "Microsoft.CodeAnalysis.Common": "[4.11.0]",
          "System.Collections.Immutable": "8.0.0",
          "System.Composition": "8.0.0",
          "System.IO.Pipelines": "8.0.0",
          "System.Reflection.Metadata": "8.0.0",
          "System.Threading.Channels": "7.0.0"
        }
      },
      "Microsoft.CodeCoverage": {
        "type": "Transitive",
        "resolved": "17.6.2",
        "contentHash": "t+DjPlq7GIxIkOK/jiTmNeiEMVkfVCynBEZyV+IMg2ro43NugKExng+7a04R1fBLi+d6voxjeDxL2ozdl+XyVg=="
      },
      "Microsoft.Testing.Extensions.TrxReport.Abstractions": {
        "type": "Transitive",
        "resolved": "1.6.3",
        "contentHash": "0MdowM+3IDVWE5VBzVe9NvxsE4caSbM3fO+jlWVzEBr/Vnc3BWx+uV/Ex0dLLpkxkeUKH2gGWTNLb39rw3DDqw==",
        "dependencies": {
          "Microsoft.Testing.Platform": "1.6.3"
        }
      },
      "Microsoft.Testing.Platform": {
        "type": "Transitive",
        "resolved": "1.6.3",
        "contentHash": "DqMZukaPo+vKzColfqd1I5qZebfISZT6ND70AOem/dYQmHsaMN0xg/JG7E0e80rwfxL7wAA4ylSg8j6KJf1Tuw=="
      },
      "Microsoft.Testing.Platform.MSBuild": {
        "type": "Transitive",
        "resolved": "1.6.3",
        "contentHash": "PXSYI5Iae29GM5636zOL8PlQD1YyOa9cfzfYLR43hrLjjK7RDJgMTvgAet3oZLgDTvz6pbzABZvhx+S/W5m8YA==",
        "dependencies": {
          "Microsoft.Testing.Platform": "1.6.3"
        }
      },
      "Microsoft.TestPlatform.ObjectModel": {
        "type": "Transitive",
        "resolved": "17.6.2",
        "contentHash": "I3S/oELDAe/ckFltBnPb0PV+gADbpc8n0yGTtYfTd7q1hd0cAZKn/FrYoegA/rGws8fEFyJD/2PB6uq+nIjWsg==",
        "dependencies": {
          "NuGet.Frameworks": "6.5.0",
          "System.Reflection.Metadata": "1.6.0"
        }
      },
      "Microsoft.TestPlatform.TestHost": {
        "type": "Transitive",
        "resolved": "17.6.2",
        "contentHash": "WszrF1CoG+Y2bA4WJFxlaPADQCWUuNP6TCxVRuScmP6DQsNvDDuOO9XiUxCA+wPmNOSyWVh9EGrPu7JoUpf2gA==",
        "dependencies": {
          "Microsoft.TestPlatform.ObjectModel": "17.6.2",
          "Newtonsoft.Json": "13.0.1"
        }
      },
      "Newtonsoft.Json": {
        "type": "Transitive",
        "resolved": "13.0.1",
        "contentHash": "ppPFpBcvxdsfUonNcvITKqLl3bqxWbDCZIzDWHzjpdAHRFfZe0Dw9HmA0+za13IdyrgJwpkDTDA9fHaxOrt20A=="
      },
      "NuGet.Frameworks": {
        "type": "Transitive",
        "resolved": "6.5.0",
        "contentHash": "QWINE2x3MbTODsWT1Gh71GaGb5icBz4chS8VYvTgsBnsi8esgN6wtHhydd7fvToWECYGq7T4cgBBDiKD/363fg=="
      },
      "System.Collections.Immutable": {
        "type": "Transitive",
        "resolved": "8.0.0",
        "contentHash": "AurL6Y5BA1WotzlEvVaIDpqzpIPvYnnldxru8oXJU2yFxFUy3+pNXjXd1ymO+RA0rq0+590Q8gaz2l3Sr7fmqg=="
      },
      "System.Composition": {
        "type": "Transitive",
        "resolved": "8.0.0",
        "contentHash": "E9oO9olNNxA39J8CxQwf7ceIPm+j/B/PhYpyK9M4LhN/OLLRw6u5fNInkhVqaWueMB9iXxYqnwqwgz+W91loIA==",
        "dependencies": {
          "System.Composition.AttributedModel": "8.0.0",
          "System.Composition.Convention": "8.0.0",
          "System.Composition.Hosting": "8.0.0",
          "System.Composition.Runtime": "8.0.0",
          "System.Composition.TypedParts": "8.0.0"
        }
      },
      "System.Composition.AttributedModel": {
        "type": "Transitive",
        "resolved": "8.0.0",
        "contentHash": "NyElSuvmBMYdn2iPG0n29i7Igu0bq99izOP3MAtEwskY3OP9jqsavvVmPn9lesVaj/KT/o/QkNjA43dOJTsDQw=="
      },
      "System.Composition.Convention": {
        "type": "Transitive",
        "resolved": "8.0.0",
        "contentHash": "UuVkc1B3vQU/LzEbWLMZ1aYVssv4rpShzf8wPEyrUqoGNqdYKREmB8bXR73heOMKkwS6ZnPz3PjGODT2MenukQ==",
        "dependencies": {
          "System.Composition.AttributedModel": "8.0.0"
        }
      },
      "System.Composition.Hosting": {
        "type": "Transitive",
        "resolved": "8.0.0",
        "contentHash": "qwbONqoxlazxcbiohvb3t1JWZgKIKcRdXS5uEeLbo5wtuBupIbAvdC3PYTAeBCZrZeERvrtAbhYHuuS43Zr1bQ==",
        "dependencies": {
          "System.Composition.Runtime": "8.0.0"
        }
      },
      "System.Composition.Runtime": {
        "type": "Transitive",
        "resolved": "8.0.0",
        "contentHash": "G+kRyB5/6+3ucRRQz+DF4uSHGqpkK8Q4ilVdbt4zvxpmvLVZNmSkyFAQpJLcbOyVF85aomJx0m+TGMDVlwx7ZQ=="
      },
      "System.Composition.TypedParts": {
        "type": "Transitive",
        "resolved": "8.0.0",
        "contentHash": "DsSklhuA+Dsgo3ZZrar8hjBFvq1wa1grrkNCTt+6SoX3vq0Vy+HXJnVXrU/nNH1BjlGH684A7h4hJQHZd/u5mA==",
        "dependencies": {
          "System.Composition.AttributedModel": "8.0.0",
          "System.Composition.Hosting": "8.0.0",
          "System.Composition.Runtime": "8.0.0"
        }
      },
      "System.IO.Pipelines": {
        "type": "Transitive",
        "resolved": "8.0.0",
        "contentHash": "FHNOatmUq0sqJOkTx+UF/9YK1f180cnW5FVqnQMvYUN0elp6wFzbtPSiqbo1/ru8ICp43JM1i7kKkk6GsNGHlA=="
      },
      "System.Reflection.Metadata": {
        "type": "Transitive",
        "resolved": "8.0.0",
        "contentHash": "ptvgrFh7PvWI8bcVqG5rsA/weWM09EnthFHR5SCnS6IN+P4mj6rE1lBDC4U8HL9/57htKAqy4KQ3bBj84cfYyQ==",
        "dependencies": {
          "System.Collections.Immutable": "8.0.0"
        }
      },
      "System.Threading.Channels": {
        "type": "Transitive",
        "resolved": "7.0.0",
        "contentHash": "qmeeYNROMsONF6ndEZcIQ+VxR4Q/TX/7uIVLJqtwIWL7dDWeh0l1UIqgo4wYyjG//5lUNhwkLDSFl+pAWO6oiA=="
      },
      "xunit.analyzers": {
        "type": "Transitive",
        "resolved": "1.22.0",
        "contentHash": "MXTmnlJLQPSJfgxibeFgpUP5sj+3649BWkf3WgeUhAVUrI3nXzWE+BGH4OPfWkG2Q5x0SzIKgegikNhnfMgaXQ=="
      },
      "xunit.v3.assert": {
        "type": "Transitive",
        "resolved": "2.0.3",
        "contentHash": "6uTT9zLyg7YtP8fAZqOFcCpeGXtsh6K1+QVHHJl/aoQObr2qHvhGMuZbm5UYf4z49ytpQt6NzP6Iq4uWEBBh4g=="
      },
      "xunit.v3.common": {
        "type": "Transitive",
        "resolved": "2.0.3",
        "contentHash": "u3kTB9Fqo6X8keccsW4Zkn87nQNxMNZGm1rjJjCC0yThKP77N8H52Fx6CaochjGeGzEc2w9CUDu7C2ygu61bYg==",
        "dependencies": {
          "Microsoft.Bcl.AsyncInterfaces": "6.0.0"
        }
      },
      "xunit.v3.core": {
        "type": "Transitive",
        "resolved": "2.0.3",
        "contentHash": "KN2xOHNVGXI6AsPKatV9urqVs2YIGQ+2klY6HLys/oQauBVoS2W2+BRZz1rnwoJ+5aK+2+gfe1rLKi8iInT9Ow==",
        "dependencies": {
          "Microsoft.Testing.Platform.MSBuild": "1.6.3",
          "xunit.v3.extensibility.core": "[2.0.3]",
          "xunit.v3.runner.inproc.console": "[2.0.3]"
        }
      },
      "xunit.v3.extensibility.core": {
        "type": "Transitive",
        "resolved": "2.0.3",
        "contentHash": "1uxfWR72veq0b5/3ghEA2zRAkdqmnA9ahCxWr1VEb2q6MBNKx6aHsAL85PyY172f1dsvUMqh7BSelaHsR5Df5w==",
        "dependencies": {
          "xunit.v3.common": "[2.0.3]"
        }
      },
      "xunit.v3.runner.common": {
        "type": "Transitive",
        "resolved": "2.0.3",
        "contentHash": "Q+43ogqiJlWOG3l6Me7iNTm68CvVdX16OsHDoQcKCUEvWXHyiSRGBkcmMAT3OVENH0wS69QHi0q4mb3VsAbclA==",
        "dependencies": {
          "xunit.v3.common": "[2.0.3]"
        }
      },
      "xunit.v3.runner.inproc.console": {
        "type": "Transitive",
        "resolved": "2.0.3",
        "contentHash": "S65IrpHbt9nHotyfs6MnjNsc8bZUMBLHHJcyky4ywDNKx+k07sjwaGb+otLQA4Z6FPCGIPrL7u0ThQm76FxBZw==",
        "dependencies": {
          "Microsoft.Testing.Extensions.TrxReport.Abstractions": "1.6.3",
          "Microsoft.Testing.Platform": "1.6.3",
          "xunit.v3.extensibility.core": "[2.0.3]",
          "xunit.v3.runner.common": "[2.0.3]"
        }
      },
      "funicularswitch.analyzers": {
        "type": "Project",
        "dependencies": {
          "Microsoft.CodeAnalysis.CSharp": "[4.11.0, )",
          "Microsoft.CodeAnalysis.CSharp.Workspaces": "[4.11.0, )"
        }
      }
    }
  }
}