{
  "version": 1,
  "dependencies": {
    "net8.0": {
      "coverlet.collector": {
        "type": "Direct",
        "requested": "[6.0.0, )",
        "resolved": "6.0.0",
        "contentHash": "tW3lsNS+dAEII6YGUX/VMoJjBS1QvsxqJeqLaJXub08y1FSjasFPtQ4UBUsudE9PNrzLjooClMsPtY2cZLdXpQ=="
      },
      "FluentAssertions": {
        "type": "Direct",
        "requested": "[6.12.0, )",
        "resolved": "6.12.0",
        "contentHash": "ZXhHT2YwP9lajrwSKbLlFqsmCCvFJMoRSK9t7sImfnCyd0OB3MhgxdoMcVqxbq1iyxD6mD2fiackWmBb7ayiXQ==",
        "dependencies": {
          "System.Configuration.ConfigurationManager": "4.4.0"
        }
      },
      "Microsoft.CodeAnalysis.CSharp": {
        "type": "Direct",
        "requested": "[4.6.0, )",
        "resolved": "4.6.0",
        "contentHash": "9pyFZUN2Lyu3C0Xfs49kezfH+CzQHMibGsQeQPu0P+GWyH2XXDwmyZ6jAaKQGNUXOJfC2OK01hWMJTJY315uDQ==",
        "dependencies": {
          "Microsoft.CodeAnalysis.Common": "[4.6.0]"
        }
      },
      "Microsoft.NET.Test.Sdk": {
        "type": "Direct",
        "requested": "[17.8.0, )",
        "resolved": "17.8.0",
        "contentHash": "BmTYGbD/YuDHmApIENdoyN1jCk0Rj1fJB0+B/fVekyTdVidr91IlzhqzytiUgaEAzL1ZJcYCme0MeBMYvJVzvw==",
        "dependencies": {
          "Microsoft.CodeCoverage": "17.8.0",
          "Microsoft.TestPlatform.TestHost": "17.8.0"
        }
      },
      "MSTest.TestAdapter": {
        "type": "Direct",
        "requested": "[3.1.1, )",
        "resolved": "3.1.1",
        "contentHash": "kMvdO5dhrUR3o1qk0fzS0St0prlKyMQAfz1ChVAUdGGobTU5ehR60szOFto0+Q7rFG5iXMvTlVIthXM9EcNYnw=="
      },
      "MSTest.TestFramework": {
        "type": "Direct",
        "requested": "[3.1.1, )",
        "resolved": "3.1.1",
        "contentHash": "3rjkGxciNHHmPW8cl1/QVIYjOpfptjmAH5JrLBw+dnMTYDoweg3I579N7OIbar3Zd3q9dfWFrCy2LEV/AmPn3A=="
      },
      "Verify.MSTest": {
        "type": "Direct",
        "requested": "[22.8.0, )",
        "resolved": "22.8.0",
        "contentHash": "YEDnyoGZgLltuULmB/Q+1lyqMyEl4D3SlDirZlFVl4gTml0gQlGZhLHULovzy90+WNyp4Iia22p6MlO7wxCLjA==",
        "dependencies": {
          "EmptyFiles": "5.0.0",
          "MSTest.TestFramework": "3.1.1",
          "Verify": "22.8.0"
        }
      },
      "Verify.SourceGenerators": {
        "type": "Direct",
        "requested": "[2.2.0, )",
        "resolved": "2.2.0",
        "contentHash": "7SEm/yHj6IYu/XWB01f3hiFowR/WoxauJxSiK0Y05pFcrW9ADKB4p5MQW6yIXCkNsbaVjJByuoywWszKLY0izw==",
        "dependencies": {
          "Argon": "0.11.0",
          "Verify": "21.3.0"
        }
      },
      "Argon": {
        "type": "Transitive",
        "resolved": "0.14.0",
        "contentHash": "W7l7aiIjmykydCTVWghKSiYgeLNW9rXX85ltdrJqsenEkG70dKtqqrvWbB1CCl8guivbhWPd6N6uALPjPShpAA=="
      },
      "DiffEngine": {
        "type": "Transitive",
        "resolved": "13.0.2",
        "contentHash": "AKZU72ErVOm7+gDdozicdpvKvnT1mTKg8qAOZt8YHQpPAxULtMcw0DqWwgAcGHYK2nYVxoneCvgzToa1aBkWNQ==",
        "dependencies": {
          "EmptyFiles": "5.0.0",
          "System.Management": "6.0.2"
        }
      },
      "EmptyFiles": {
        "type": "Transitive",
        "resolved": "5.0.0",
        "contentHash": "HGmJfvJ+8htlyvHKdaN7olLch/U3nrYa0rJ0xK7mKNja4YANdhcQEHfHzT93ehgG9TAUSj1MJaXZIB62HHEuiQ=="
      },
      "Microsoft.CodeAnalysis.Analyzers": {
        "type": "Transitive",
        "resolved": "3.3.4",
        "contentHash": "AxkxcPR+rheX0SmvpLVIGLhOUXAKG56a64kV9VQZ4y9gR9ZmPXnqZvHJnmwLSwzrEP6junUF11vuc+aqo5r68g=="
      },
      "Microsoft.CodeAnalysis.Common": {
        "type": "Transitive",
        "resolved": "4.6.0",
        "contentHash": "N3uLvekc7DjvE1BX8YW7UH7ldjA4ps/Tun2YmOoSIItJrh1gnQIMKUbK1c3uQUx2NHbLibVZI4o/VB9xb4B7tA==",
        "dependencies": {
          "Microsoft.CodeAnalysis.Analyzers": "3.3.4",
          "System.Collections.Immutable": "7.0.0",
          "System.Reflection.Metadata": "7.0.0",
          "System.Runtime.CompilerServices.Unsafe": "6.0.0",
          "System.Text.Encoding.CodePages": "7.0.0"
        }
      },
      "Microsoft.CodeCoverage": {
        "type": "Transitive",
        "resolved": "17.8.0",
        "contentHash": "KC8SXWbGIdoFVdlxKk9WHccm0llm9HypcHMLUUFabRiTS3SO2fQXNZfdiF3qkEdTJhbRrxhdRxjL4jbtwPq4Ew=="
      },
      "Microsoft.TestPlatform.ObjectModel": {
        "type": "Transitive",
        "resolved": "17.8.0",
        "contentHash": "AYy6vlpGMfz5kOFq99L93RGbqftW/8eQTqjT9iGXW6s9MRP3UdtY8idJ8rJcjeSja8A18IhIro5YnH3uv1nz4g==",
        "dependencies": {
          "NuGet.Frameworks": "6.5.0",
          "System.Reflection.Metadata": "1.6.0"
        }
      },
      "Microsoft.TestPlatform.TestHost": {
        "type": "Transitive",
        "resolved": "17.8.0",
        "contentHash": "9ivcl/7SGRmOT0YYrHQGohWiT5YCpkmy/UEzldfVisLm6QxbLaK3FAJqZXI34rnRLmqqDCeMQxKINwmKwAPiDw==",
        "dependencies": {
          "Microsoft.TestPlatform.ObjectModel": "17.8.0",
          "Newtonsoft.Json": "13.0.1"
        }
      },
      "Newtonsoft.Json": {
        "type": "Transitive",
        "resolved": "13.0.1",
        "contentHash": "ppPFpBcvxdsfUonNcvITKqLl3bqxWbDCZIzDWHzjpdAHRFfZe0Dw9HmA0+za13IdyrgJwpkDTDA9fHaxOrt20A=="
      },
      "NuGet.Frameworks": {
        "type": "Transitive",
        "resolved": "6.5.0",
        "contentHash": "QWINE2x3MbTODsWT1Gh71GaGb5icBz4chS8VYvTgsBnsi8esgN6wtHhydd7fvToWECYGq7T4cgBBDiKD/363fg=="
      },
      "SimpleInfoName": {
        "type": "Transitive",
        "resolved": "2.2.0",
        "contentHash": "jZwJajqdF56n0HcwvM8wqrwhr8tBqp7E3dWVoa5XWMC4tqSXP4+rIfYipeVIavRUI5MSj5vYPCdwtF3h4RJvxA=="
      },
      "System.CodeDom": {
        "type": "Transitive",
        "resolved": "6.0.0",
        "contentHash": "CPc6tWO1LAer3IzfZufDBRL+UZQcj5uS207NHALQzP84Vp/z6wF0Aa0YZImOQY8iStY0A2zI/e3ihKNPfUm8XA=="
      },
      "System.Collections.Immutable": {
        "type": "Transitive",
        "resolved": "7.0.0",
        "contentHash": "dQPcs0U1IKnBdRDBkrCTi1FoajSTBzLcVTpjO4MBCMC7f4pDOIPzgBoX8JjG7X6uZRJ8EBxsi8+DR1JuwjnzOQ=="
      },
      "System.Configuration.ConfigurationManager": {
        "type": "Transitive",
        "resolved": "4.4.0",
        "contentHash": "gWwQv/Ug1qWJmHCmN17nAbxJYmQBM/E94QxKLksvUiiKB1Ld3Sc/eK1lgmbSjDFxkQhVuayI/cGFZhpBSodLrg==",
        "dependencies": {
          "System.Security.Cryptography.ProtectedData": "4.4.0"
        }
      },
      "System.IO.Hashing": {
        "type": "Transitive",
        "resolved": "8.0.0",
        "contentHash": "ne1843evDugl0md7Fjzy6QjJrzsjh46ZKbhf8GwBXb5f/gw97J4bxMs0NQKifDuThh/f0bZ0e62NPl1jzTuRqA=="
      },
      "System.Management": {
        "type": "Transitive",
        "resolved": "6.0.2",
        "contentHash": "s6c9x2Kghd+ncEDnT6ApYVOacDXr/Y57oSUSx6wjegMOfKxhtrXn3PdASPNU59y3kB9OJ1yb3l5k6uKr3bhqew==",
        "dependencies": {
          "System.CodeDom": "6.0.0"
        }
      },
      "System.Reflection.Metadata": {
        "type": "Transitive",
        "resolved": "7.0.0",
        "contentHash": "MclTG61lsD9sYdpNz9xsKBzjsmsfCtcMZYXz/IUr2zlhaTaABonlr1ESeompTgM+Xk+IwtGYU7/voh3YWB/fWw==",
        "dependencies": {
          "System.Collections.Immutable": "7.0.0"
        }
      },
      "System.Runtime.CompilerServices.Unsafe": {
        "type": "Transitive",
        "resolved": "6.0.0",
        "contentHash": "/iUeP3tq1S0XdNNoMz5C9twLSrM/TH+qElHkXWaPvuNOt+99G75NrV0OS2EqHx5wMN7popYjpc8oTjC1y16DLg=="
      },
      "System.Security.Cryptography.ProtectedData": {
        "type": "Transitive",
        "resolved": "4.4.0",
        "contentHash": "cJV7ScGW7EhatRsjehfvvYVBvtiSMKgN8bOVI0bQhnF5bU7vnHVIsH49Kva7i7GWaWYvmEzkYVk1TC+gZYBEog=="
      },
      "System.Text.Encoding.CodePages": {
        "type": "Transitive",
        "resolved": "7.0.0",
        "contentHash": "LSyCblMpvOe0N3E+8e0skHcrIhgV2huaNcjUUEa8hRtgEAm36aGkRoC8Jxlb6Ra6GSfF29ftduPNywin8XolzQ=="
      },
      "Verify": {
        "type": "Transitive",
        "resolved": "22.8.0",
        "contentHash": "rrkSHfULhs0/t/HqXWbh7TyUF72GcdprffgBdH3noed6j0ivmi8GdZiTHNlpWAAxsJKjBDJQ/ZG7HSA49FAFlw==",
        "dependencies": {
          "Argon": "0.14.0",
          "DiffEngine": "13.0.2",
          "EmptyFiles": "5.0.0",
          "SimpleInfoName": "2.2.0",
          "System.IO.Hashing": "8.0.0"
        }
      },
      "funicularswitch.generators": {
        "type": "Project",
        "dependencies": {
          "Microsoft.CodeAnalysis.Common": "[4.6.0, )"
        }
      }
    }
  }
}