
Microsoft Visual Studio Solution File, Format Version 12.00
# Visual Studio Version 17
VisualStudioVersion = 17.0.31912.275
MinimumVisualStudioVersion = 10.0.40219.1
Project("{9A19103F-16F7-4668-BE54-9A1E7A4F7556}") = "FunicularSwitch", "FunicularSwitch\FunicularSwitch.csproj", "{5CF89BDE-0AE9-490C-AE0F-A8C1DD93024E}"
EndProject
Project("{9A19103F-16F7-4668-BE54-9A1E7A4F7556}") = "Tutorial", "Tutorial\Tutorial.csproj", "{4AF2ACB6-05E9-4247-8D4B-167C40B1FEE7}"
EndProject
Project("{9A19103F-16F7-4668-BE54-9A1E7A4F7556}") = "DocSamples", "DocSamples\DocSamples.csproj", "{96C50875-028F-46BB-9594-CD5B3887BB1C}"
EndProject
Project("{2150E333-8FDC-42A3-9474-1A3956D46DE8}") = "Docu", "Docu", "{2A5AFC6D-39C3-410A-A007-A6CC74F9A5A0}"
	ProjectSection(SolutionItems) = preProject
		..\README.md = ..\README.md
	EndProjectSection
EndProject
Project("{2150E333-8FDC-42A3-9474-1A3956D46DE8}") = "Tests", "Tests", "{3411C93C-2928-49DF-8180-90DDB1F8FB6C}"
EndProject
Project("{9A19103F-16F7-4668-BE54-9A1E7A4F7556}") = "FunicularSwitch.Test", "Tests\FunicularSwitch.Test\FunicularSwitch.Test.csproj", "{8BA91518-5F82-4ECD-9CB9-0471667B4F7B}"
EndProject
Project("{9A19103F-16F7-4668-BE54-9A1E7A4F7556}") = "FunicularSwitch.Generators", "FunicularSwitch.Generators\FunicularSwitch.Generators.csproj", "{35633310-5F61-463B-A62E-1940E2DFAE7D}"
EndProject
Project("{9A19103F-16F7-4668-BE54-9A1E7A4F7556}") = "FunicularSwitch.Generators.Templates", "FunicularSwitch.Generators.Templates\FunicularSwitch.Generators.Templates.csproj", "{2E99A4C7-42AE-4285-9832-BAB3D6145FEA}"
EndProject
Project("{9A19103F-16F7-4668-BE54-9A1E7A4F7556}") = "FunicularSwitch.Generators.Test", "Tests\FunicularSwitch.Generators.Test\FunicularSwitch.Generators.Test.csproj", "{9C314AEE-2FB1-458C-81F3-3DFD4309FB45}"
EndProject
Project("{9A19103F-16F7-4668-BE54-9A1E7A4F7556}") = "FunicularSwitch.Generators.Consumer", "Tests\FunicularSwitch.Generators.Consumer\FunicularSwitch.Generators.Consumer.csproj", "{D74DB9BC-C663-49C5-A3CF-169AC10EA9F9}"
EndProject
Project("{9A19103F-16F7-4668-BE54-9A1E7A4F7556}") = "FunicularSwitch.Generators.Consumer.Nuget", "Tests\FunicularSwitch.Generators.Consumer.Nuget\FunicularSwitch.Generators.Consumer.Nuget.csproj", "{05DEB150-372C-4D76-856C-C7A20F7F3EA0}"
EndProject
Project("{9A19103F-16F7-4668-BE54-9A1E7A4F7556}") = "FunicularSwitch.Generators.FluentAssertions", "FunicularSwitch.Generators.FluentAssertions\FunicularSwitch.Generators.FluentAssertions.csproj", "{CC47AAAF-A8B4-4E03-AE78-E2011426F723}"
EndProject
Project("{9A19103F-16F7-4668-BE54-9A1E7A4F7556}") = "FunicularSwitch.Generators.FluentAssertions.Test", "Tests\FunicularSwitch.Generators.FluentAssertions.Test\FunicularSwitch.Generators.FluentAssertions.Test.csproj", "{DE65F0E3-12EA-48AA-98A3-DB7D636C28D0}"
EndProject
Project("{9A19103F-16F7-4668-BE54-9A1E7A4F7556}") = "FunicularSwitch.Generators.FluentAssertions.Consumer", "Tests\FunicularSwitch.Generators.FluentAssertions.Consumer\FunicularSwitch.Generators.FluentAssertions.Consumer.csproj", "{672EACCA-A632-4D85-B36F-C1C83638C222}"
EndProject
Project("{9A19103F-16F7-4668-BE54-9A1E7A4F7556}") = "FunicularSwitch.Generators.FluentAssertions.Templates", "FunicularSwitch.Generators.FluentAssertions.Templates\FunicularSwitch.Generators.FluentAssertions.Templates.csproj", "{BBCC9D11-FD33-4F29-9BB2-C42DF36AA28B}"
EndProject
Project("{D954291E-2A0B-460D-934E-DC6B0785DB48}") = "FunicularSwitch.Generators.Common", "FunicularSwitch.Generators.Common\FunicularSwitch.Generators.Common.shproj", "{5DBC7D41-67A3-41C2-8E6D-453CF1334627}"
EndProject
Project("{D954291E-2A0B-460D-934E-DC6B0785DB48}") = "FunicularSwitch.Common", "FunicularSwitch.Common\FunicularSwitch.Common.shproj", "{BF664635-17E2-44EB-A99E-94D564542509}"
EndProject
Project("{FAE04EC0-301F-11D3-BF4B-00C04F79EFBC}") = "FunicularSwitch.Generators.FluentAssertions.Consumer.Dependency", "Tests\FunicularSwitch.Generators.FluentAssertions.Consumer.Dependency\FunicularSwitch.Generators.FluentAssertions.Consumer.Dependency.csproj", "{DA09911F-FDE5-477E-BEEA-76D582844408}"
EndProject
Global
	GlobalSection(SolutionConfigurationPlatforms) = preSolution
		Debug|Any CPU = Debug|Any CPU
		Release|Any CPU = Release|Any CPU
	EndGlobalSection
	GlobalSection(ProjectConfigurationPlatforms) = postSolution
		{5CF89BDE-0AE9-490C-AE0F-A8C1DD93024E}.Debug|Any CPU.ActiveCfg = Debug|Any CPU
		{5CF89BDE-0AE9-490C-AE0F-A8C1DD93024E}.Debug|Any CPU.Build.0 = Debug|Any CPU
		{5CF89BDE-0AE9-490C-AE0F-A8C1DD93024E}.Release|Any CPU.ActiveCfg = Release|Any CPU
		{5CF89BDE-0AE9-490C-AE0F-A8C1DD93024E}.Release|Any CPU.Build.0 = Release|Any CPU
		{4AF2ACB6-05E9-4247-8D4B-167C40B1FEE7}.Debug|Any CPU.ActiveCfg = Debug|Any CPU
		{4AF2ACB6-05E9-4247-8D4B-167C40B1FEE7}.Debug|Any CPU.Build.0 = Debug|Any CPU
		{4AF2ACB6-05E9-4247-8D4B-167C40B1FEE7}.Release|Any CPU.ActiveCfg = Release|Any CPU
		{4AF2ACB6-05E9-4247-8D4B-167C40B1FEE7}.Release|Any CPU.Build.0 = Release|Any CPU
		{96C50875-028F-46BB-9594-CD5B3887BB1C}.Debug|Any CPU.ActiveCfg = Debug|Any CPU
		{96C50875-028F-46BB-9594-CD5B3887BB1C}.Debug|Any CPU.Build.0 = Debug|Any CPU
		{96C50875-028F-46BB-9594-CD5B3887BB1C}.Release|Any CPU.ActiveCfg = Release|Any CPU
		{96C50875-028F-46BB-9594-CD5B3887BB1C}.Release|Any CPU.Build.0 = Release|Any CPU
		{8BA91518-5F82-4ECD-9CB9-0471667B4F7B}.Debug|Any CPU.ActiveCfg = Debug|Any CPU
		{8BA91518-5F82-4ECD-9CB9-0471667B4F7B}.Debug|Any CPU.Build.0 = Debug|Any CPU
		{8BA91518-5F82-4ECD-9CB9-0471667B4F7B}.Release|Any CPU.ActiveCfg = Release|Any CPU
		{8BA91518-5F82-4ECD-9CB9-0471667B4F7B}.Release|Any CPU.Build.0 = Release|Any CPU
		{35633310-5F61-463B-A62E-1940E2DFAE7D}.Debug|Any CPU.ActiveCfg = Debug|Any CPU
		{35633310-5F61-463B-A62E-1940E2DFAE7D}.Debug|Any CPU.Build.0 = Debug|Any CPU
		{35633310-5F61-463B-A62E-1940E2DFAE7D}.Release|Any CPU.ActiveCfg = Release|Any CPU
		{35633310-5F61-463B-A62E-1940E2DFAE7D}.Release|Any CPU.Build.0 = Release|Any CPU
		{2E99A4C7-42AE-4285-9832-BAB3D6145FEA}.Debug|Any CPU.ActiveCfg = Debug|Any CPU
		{2E99A4C7-42AE-4285-9832-BAB3D6145FEA}.Debug|Any CPU.Build.0 = Debug|Any CPU
		{2E99A4C7-42AE-4285-9832-BAB3D6145FEA}.Release|Any CPU.ActiveCfg = Release|Any CPU
		{2E99A4C7-42AE-4285-9832-BAB3D6145FEA}.Release|Any CPU.Build.0 = Release|Any CPU
		{9C314AEE-2FB1-458C-81F3-3DFD4309FB45}.Debug|Any CPU.ActiveCfg = Debug|Any CPU
		{9C314AEE-2FB1-458C-81F3-3DFD4309FB45}.Debug|Any CPU.Build.0 = Debug|Any CPU
		{9C314AEE-2FB1-458C-81F3-3DFD4309FB45}.Release|Any CPU.ActiveCfg = Release|Any CPU
		{9C314AEE-2FB1-458C-81F3-3DFD4309FB45}.Release|Any CPU.Build.0 = Release|Any CPU
		{D74DB9BC-C663-49C5-A3CF-169AC10EA9F9}.Debug|Any CPU.ActiveCfg = Debug|Any CPU
		{D74DB9BC-C663-49C5-A3CF-169AC10EA9F9}.Debug|Any CPU.Build.0 = Debug|Any CPU
		{D74DB9BC-C663-49C5-A3CF-169AC10EA9F9}.Release|Any CPU.ActiveCfg = Release|Any CPU
		{D74DB9BC-C663-49C5-A3CF-169AC10EA9F9}.Release|Any CPU.Build.0 = Release|Any CPU
		{05DEB150-372C-4D76-856C-C7A20F7F3EA0}.Debug|Any CPU.ActiveCfg = Debug|Any CPU
		{05DEB150-372C-4D76-856C-C7A20F7F3EA0}.Debug|Any CPU.Build.0 = Debug|Any CPU
		{05DEB150-372C-4D76-856C-C7A20F7F3EA0}.Release|Any CPU.ActiveCfg = Release|Any CPU
		{05DEB150-372C-4D76-856C-C7A20F7F3EA0}.Release|Any CPU.Build.0 = Release|Any CPU
		{CC47AAAF-A8B4-4E03-AE78-E2011426F723}.Debug|Any CPU.ActiveCfg = Debug|Any CPU
		{CC47AAAF-A8B4-4E03-AE78-E2011426F723}.Debug|Any CPU.Build.0 = Debug|Any CPU
		{CC47AAAF-A8B4-4E03-AE78-E2011426F723}.Release|Any CPU.ActiveCfg = Release|Any CPU
		{CC47AAAF-A8B4-4E03-AE78-E2011426F723}.Release|Any CPU.Build.0 = Release|Any CPU
		{DE65F0E3-12EA-48AA-98A3-DB7D636C28D0}.Debug|Any CPU.ActiveCfg = Debug|Any CPU
		{DE65F0E3-12EA-48AA-98A3-DB7D636C28D0}.Debug|Any CPU.Build.0 = Debug|Any CPU
		{DE65F0E3-12EA-48AA-98A3-DB7D636C28D0}.Release|Any CPU.ActiveCfg = Release|Any CPU
		{DE65F0E3-12EA-48AA-98A3-DB7D636C28D0}.Release|Any CPU.Build.0 = Release|Any CPU
		{672EACCA-A632-4D85-B36F-C1C83638C222}.Debug|Any CPU.ActiveCfg = Debug|Any CPU
		{672EACCA-A632-4D85-B36F-C1C83638C222}.Debug|Any CPU.Build.0 = Debug|Any CPU
		{672EACCA-A632-4D85-B36F-C1C83638C222}.Release|Any CPU.ActiveCfg = Release|Any CPU
		{672EACCA-A632-4D85-B36F-C1C83638C222}.Release|Any CPU.Build.0 = Release|Any CPU
		{BBCC9D11-FD33-4F29-9BB2-C42DF36AA28B}.Debug|Any CPU.ActiveCfg = Debug|Any CPU
		{BBCC9D11-FD33-4F29-9BB2-C42DF36AA28B}.Debug|Any CPU.Build.0 = Debug|Any CPU
		{BBCC9D11-FD33-4F29-9BB2-C42DF36AA28B}.Release|Any CPU.ActiveCfg = Release|Any CPU
		{BBCC9D11-FD33-4F29-9BB2-C42DF36AA28B}.Release|Any CPU.Build.0 = Release|Any CPU
		{DA09911F-FDE5-477E-BEEA-76D582844408}.Debug|Any CPU.ActiveCfg = Debug|Any CPU
		{DA09911F-FDE5-477E-BEEA-76D582844408}.Debug|Any CPU.Build.0 = Debug|Any CPU
		{DA09911F-FDE5-477E-BEEA-76D582844408}.Release|Any CPU.ActiveCfg = Release|Any CPU
		{DA09911F-FDE5-477E-BEEA-76D582844408}.Release|Any CPU.Build.0 = Release|Any CPU
	EndGlobalSection
	GlobalSection(SolutionProperties) = preSolution
		HideSolutionNode = FALSE
	EndGlobalSection
	GlobalSection(NestedProjects) = preSolution
		{8BA91518-5F82-4ECD-9CB9-0471667B4F7B} = {3411C93C-2928-49DF-8180-90DDB1F8FB6C}
		{9C314AEE-2FB1-458C-81F3-3DFD4309FB45} = {3411C93C-2928-49DF-8180-90DDB1F8FB6C}
		{D74DB9BC-C663-49C5-A3CF-169AC10EA9F9} = {3411C93C-2928-49DF-8180-90DDB1F8FB6C}
		{05DEB150-372C-4D76-856C-C7A20F7F3EA0} = {3411C93C-2928-49DF-8180-90DDB1F8FB6C}
		{DE65F0E3-12EA-48AA-98A3-DB7D636C28D0} = {3411C93C-2928-49DF-8180-90DDB1F8FB6C}
		{672EACCA-A632-4D85-B36F-C1C83638C222} = {3411C93C-2928-49DF-8180-90DDB1F8FB6C}
		{DA09911F-FDE5-477E-BEEA-76D582844408} = {3411C93C-2928-49DF-8180-90DDB1F8FB6C}
	EndGlobalSection
	GlobalSection(ExtensibilityGlobals) = postSolution
		SolutionGuid = {0A6C53D4-8DAD-4DBF-B4A6-D02801D28BD4}
	EndGlobalSection
	GlobalSection(SharedMSBuildProjectFiles) = preSolution
		FunicularSwitch.Common\FunicularSwitch.Common.projitems*{35633310-5f61-463b-a62e-1940e2dfae7d}*SharedItemsImports = 5
		FunicularSwitch.Generators.Common\FunicularSwitch.Generators.Common.projitems*{35633310-5f61-463b-a62e-1940e2dfae7d}*SharedItemsImports = 5
		FunicularSwitch.Common\FunicularSwitch.Common.projitems*{5cf89bde-0ae9-490c-ae0f-a8c1dd93024e}*SharedItemsImports = 5
		FunicularSwitch.Generators.Common\FunicularSwitch.Generators.Common.projitems*{5dbc7d41-67a3-41c2-8e6d-453cf1334627}*SharedItemsImports = 13
		FunicularSwitch.Common\FunicularSwitch.Common.projitems*{bf664635-17e2-44eb-a99e-94d564542509}*SharedItemsImports = 13
		FunicularSwitch.Common\FunicularSwitch.Common.projitems*{cc47aaaf-a8b4-4e03-ae78-e2011426f723}*SharedItemsImports = 5
		FunicularSwitch.Generators.Common\FunicularSwitch.Generators.Common.projitems*{cc47aaaf-a8b4-4e03-ae78-e2011426f723}*SharedItemsImports = 5
	EndGlobalSection
EndGlobal
